
Microsoft Visual Studio Solution File, Format Version 12.00
# Visual Studio Version 16
VisualStudioVersion = 16.0.29519.181
MinimumVisualStudioVersion = 10.0.40219.1
Project("{00D1A9C2-B5F0-4AF3-8072-F6C62B433612}") = "ClrDemo", "ClrDemo.sqlproj", "{B9CC552D-C59E-4F13-BCA5-4FB156E239A2}"
EndProject
Global
	GlobalSection(SolutionConfigurationPlatforms) = preSolution
		Debug|Any CPU = Debug|Any CPU
		Release|Any CPU = Release|Any CPU
	EndGlobalSection
	GlobalSection(ProjectConfigurationPlatforms) = postSolution
		{B9CC552D-C59E-4F13-BCA5-4FB156E239A2}.Debug|Any CPU.ActiveCfg = Debug|Any CPU
		{B9CC552D-C59E-4F13-BCA5-4FB156E239A2}.Debug|Any CPU.Build.0 = Debug|Any CPU
		{B9CC552D-C59E-4F13-BCA5-4FB156E239A2}.Debug|Any CPU.Deploy.0 = Debug|Any CPU
		{B9CC552D-C59E-4F13-BCA5-4FB156E239A2}.Release|Any CPU.ActiveCfg = Release|Any CPU
		{B9CC552D-C59E-4F13-BCA5-4FB156E239A2}.Release|Any CPU.Build.0 = Release|Any CPU
		{B9CC552D-C59E-4F13-BCA5-4FB156E239A2}.Release|Any CPU.Deploy.0 = Release|Any CPU
	EndGlobalSection
	GlobalSection(SolutionProperties) = preSolution
		HideSolutionNode = FALSE
	EndGlobalSection
	GlobalSection(ExtensibilityGlobals) = postSolution
		SolutionGuid = {448E9BB8-39AA-4756-84DA-8D1B3B78EE4E}
	EndGlobalSection
EndGlobal
